
Microsoft Visual Studio Solution File, Format Version 12.00
# Visual Studio Version 17
VisualStudioVersion = 17.11.35222.181
MinimumVisualStudioVersion = 10.0.40219.1
Project("{FAE04EC0-301F-11D3-BF4B-00C04F79EFBC}") = "LocationViewer", "LocationViewer\LocationViewer.csproj", "{BE1D2D57-21E7-4C7F-953E-1D4170EE219E}"
EndProject
Global
	GlobalSection(SolutionConfigurationPlatforms) = preSolution
		Debug|Any CPU = Debug|Any CPU
		Release|Any CPU = Release|Any CPU
	EndGlobalSection
	GlobalSection(ProjectConfigurationPlatforms) = postSolution
		{BE1D2D57-21E7-4C7F-953E-1D4170EE219E}.Debug|Any CPU.ActiveCfg = Debug|Any CPU
		{BE1D2D57-21E7-4C7F-953E-1D4170EE219E}.Debug|Any CPU.Build.0 = Debug|Any CPU
		{BE1D2D57-21E7-4C7F-953E-1D4170EE219E}.Release|Any CPU.ActiveCfg = Release|Any CPU
		{BE1D2D57-21E7-4C7F-953E-1D4170EE219E}.Release|Any CPU.Build.0 = Release|Any CPU
	EndGlobalSection
	GlobalSection(SolutionProperties) = preSolution
		HideSolutionNode = FALSE
	EndGlobalSection
	GlobalSection(ExtensibilityGlobals) = postSolution
		SolutionGuid = {9166791D-E381-4552-86D0-883491725A08}
	EndGlobalSection
EndGlobal
